
Microsoft Visual Studio Solution File, Format Version 12.00
# Visual Studio Version 17
VisualStudioVersion = 17.3.32922.545
MinimumVisualStudioVersion = 10.0.40219.1
Project("{FAE04EC0-301F-11D3-BF4B-00C04F79EFBC}") = "GraphicsPainter", "GraphicsPainter.csproj", "{EC94F7CF-D695-41B7-BF3D-9304F5E85BBF}"
EndProject
Global
	GlobalSection(SolutionConfigurationPlatforms) = preSolution
		Debug|Any CPU = Debug|Any CPU
		Release|Any CPU = Release|Any CPU
	EndGlobalSection
	GlobalSection(ProjectConfigurationPlatforms) = postSolution
		{EC94F7CF-D695-41B7-BF3D-9304F5E85BBF}.Debug|Any CPU.ActiveCfg = Debug|Any CPU
		{EC94F7CF-D695-41B7-BF3D-9304F5E85BBF}.Debug|Any CPU.Build.0 = Debug|Any CPU
		{EC94F7CF-D695-41B7-BF3D-9304F5E85BBF}.Release|Any CPU.ActiveCfg = Release|Any CPU
		{EC94F7CF-D695-41B7-BF3D-9304F5E85BBF}.Release|Any CPU.Build.0 = Release|Any CPU
	EndGlobalSection
	GlobalSection(SolutionProperties) = preSolution
		HideSolutionNode = FALSE
	EndGlobalSection
	GlobalSection(ExtensibilityGlobals) = postSolution
		SolutionGuid = {74A8013A-4D05-436A-ABD2-5B0833544402}
	EndGlobalSection
EndGlobal
